
Microsoft Visual Studio Solution File, Format Version 12.00
# Blend for Visual Studio 15
VisualStudioVersion = 15.0.27428.2037
MinimumVisualStudioVersion = 10.0.40219.1
Project("{FAE04EC0-301F-11D3-BF4B-00C04F79EFBC}") = "App", "App\App.csproj", "{857B09E9-CA99-458D-8BFD-211C95F0C109}"
EndProject
Project("{9A19103F-16F7-4668-BE54-9A1E7A4F7556}") = "Lib", "Lib\Lib.csproj", "{86622EFF-EB2F-45E8-BA0C-D88CB70F03C9}"
EndProject
Project("{9A19103F-16F7-4668-BE54-9A1E7A4F7556}") = "Tests", "Tests\Tests.csproj", "{2AE2EAC8-98AC-4166-9CE1-5EBB4ED6F060}"
EndProject
Project("{2150E333-8FDC-42A3-9474-1A3956D46DE8}") = "Solution Items", "Solution Items", "{093AA874-2AEA-47A5-9890-5038912E02BC}"
	ProjectSection(SolutionItems) = preProject
		README.md = README.md
	EndProjectSection
EndProject
Project("{C7167F0D-BC9F-4E6E-AFE1-012C56B48DB5}") = "Package", "Package\Package.wapproj", "{D9BE5143-2A9C-4E6B-9310-4BB66DE91ACC}"
EndProject
Project("{FAE04EC0-301F-11D3-BF4B-00C04F79EFBC}") = "Console", "Console\Console.csproj", "{FFA96571-CFEC-4F2B-A678-EBFB590B3B8B}"
EndProject
Project("{FAE04EC0-301F-11D3-BF4B-00C04F79EFBC}") = "Contracts", "Contracts\Contracts.csproj", "{9C917A42-6A0A-41C0-AC31-E8EA8FBB5F37}"
EndProject
Global
	GlobalSection(SolutionConfigurationPlatforms) = preSolution
		Debug|Any CPU = Debug|Any CPU
		Debug|ARM = Debug|ARM
		Debug|x64 = Debug|x64
		Debug|x86 = Debug|x86
		Release|Any CPU = Release|Any CPU
		Release|ARM = Release|ARM
		Release|x64 = Release|x64
		Release|x86 = Release|x86
	EndGlobalSection
	GlobalSection(ProjectConfigurationPlatforms) = postSolution
		{857B09E9-CA99-458D-8BFD-211C95F0C109}.Debug|Any CPU.ActiveCfg = Debug|x86
		{857B09E9-CA99-458D-8BFD-211C95F0C109}.Debug|ARM.ActiveCfg = Debug|ARM
		{857B09E9-CA99-458D-8BFD-211C95F0C109}.Debug|ARM.Build.0 = Debug|ARM
		{857B09E9-CA99-458D-8BFD-211C95F0C109}.Debug|ARM.Deploy.0 = Debug|ARM
		{857B09E9-CA99-458D-8BFD-211C95F0C109}.Debug|x64.ActiveCfg = Debug|x64
		{857B09E9-CA99-458D-8BFD-211C95F0C109}.Debug|x64.Build.0 = Debug|x64
		{857B09E9-CA99-458D-8BFD-211C95F0C109}.Debug|x86.ActiveCfg = Debug|x86
		{857B09E9-CA99-458D-8BFD-211C95F0C109}.Debug|x86.Build.0 = Debug|x86
		{857B09E9-CA99-458D-8BFD-211C95F0C109}.Release|Any CPU.ActiveCfg = Release|x86
		{857B09E9-CA99-458D-8BFD-211C95F0C109}.Release|ARM.ActiveCfg = Release|ARM
		{857B09E9-CA99-458D-8BFD-211C95F0C109}.Release|ARM.Build.0 = Release|ARM
		{857B09E9-CA99-458D-8BFD-211C95F0C109}.Release|ARM.Deploy.0 = Release|ARM
		{857B09E9-CA99-458D-8BFD-211C95F0C109}.Release|x64.ActiveCfg = Release|x64
		{857B09E9-CA99-458D-8BFD-211C95F0C109}.Release|x64.Build.0 = Release|x64
		{857B09E9-CA99-458D-8BFD-211C95F0C109}.Release|x86.ActiveCfg = Release|x86
		{857B09E9-CA99-458D-8BFD-211C95F0C109}.Release|x86.Build.0 = Release|x86
		{86622EFF-EB2F-45E8-BA0C-D88CB70F03C9}.Debug|Any CPU.ActiveCfg = Debug|Any CPU
		{86622EFF-EB2F-45E8-BA0C-D88CB70F03C9}.Debug|Any CPU.Build.0 = Debug|Any CPU
		{86622EFF-EB2F-45E8-BA0C-D88CB70F03C9}.Debug|ARM.ActiveCfg = Debug|Any CPU
		{86622EFF-EB2F-45E8-BA0C-D88CB70F03C9}.Debug|ARM.Build.0 = Debug|Any CPU
		{86622EFF-EB2F-45E8-BA0C-D88CB70F03C9}.Debug|x64.ActiveCfg = Debug|Any CPU
		{86622EFF-EB2F-45E8-BA0C-D88CB70F03C9}.Debug|x64.Build.0 = Debug|Any CPU
		{86622EFF-EB2F-45E8-BA0C-D88CB70F03C9}.Debug|x86.ActiveCfg = Debug|Any CPU
		{86622EFF-EB2F-45E8-BA0C-D88CB70F03C9}.Debug|x86.Build.0 = Debug|Any CPU
		{86622EFF-EB2F-45E8-BA0C-D88CB70F03C9}.Release|Any CPU.ActiveCfg = Release|Any CPU
		{86622EFF-EB2F-45E8-BA0C-D88CB70F03C9}.Release|Any CPU.Build.0 = Release|Any CPU
		{86622EFF-EB2F-45E8-BA0C-D88CB70F03C9}.Release|ARM.ActiveCfg = Release|Any CPU
		{86622EFF-EB2F-45E8-BA0C-D88CB70F03C9}.Release|ARM.Build.0 = Release|Any CPU
		{86622EFF-EB2F-45E8-BA0C-D88CB70F03C9}.Release|x64.ActiveCfg = Release|Any CPU
		{86622EFF-EB2F-45E8-BA0C-D88CB70F03C9}.Release|x64.Build.0 = Release|Any CPU
		{86622EFF-EB2F-45E8-BA0C-D88CB70F03C9}.Release|x86.ActiveCfg = Release|Any CPU
		{86622EFF-EB2F-45E8-BA0C-D88CB70F03C9}.Release|x86.Build.0 = Release|Any CPU
		{2AE2EAC8-98AC-4166-9CE1-5EBB4ED6F060}.Debug|Any CPU.ActiveCfg = Debug|Any CPU
		{2AE2EAC8-98AC-4166-9CE1-5EBB4ED6F060}.Debug|Any CPU.Build.0 = Debug|Any CPU
		{2AE2EAC8-98AC-4166-9CE1-5EBB4ED6F060}.Debug|ARM.ActiveCfg = Debug|Any CPU
		{2AE2EAC8-98AC-4166-9CE1-5EBB4ED6F060}.Debug|ARM.Build.0 = Debug|Any CPU
		{2AE2EAC8-98AC-4166-9CE1-5EBB4ED6F060}.Debug|x64.ActiveCfg = Debug|Any CPU
		{2AE2EAC8-98AC-4166-9CE1-5EBB4ED6F060}.Debug|x64.Build.0 = Debug|Any CPU
		{2AE2EAC8-98AC-4166-9CE1-5EBB4ED6F060}.Debug|x86.ActiveCfg = Debug|Any CPU
		{2AE2EAC8-98AC-4166-9CE1-5EBB4ED6F060}.Debug|x86.Build.0 = Debug|Any CPU
		{2AE2EAC8-98AC-4166-9CE1-5EBB4ED6F060}.Release|Any CPU.ActiveCfg = Release|Any CPU
		{2AE2EAC8-98AC-4166-9CE1-5EBB4ED6F060}.Release|Any CPU.Build.0 = Release|Any CPU
		{2AE2EAC8-98AC-4166-9CE1-5EBB4ED6F060}.Release|ARM.ActiveCfg = Release|Any CPU
		{2AE2EAC8-98AC-4166-9CE1-5EBB4ED6F060}.Release|ARM.Build.0 = Release|Any CPU
		{2AE2EAC8-98AC-4166-9CE1-5EBB4ED6F060}.Release|x64.ActiveCfg = Release|Any CPU
		{2AE2EAC8-98AC-4166-9CE1-5EBB4ED6F060}.Release|x64.Build.0 = Release|Any CPU
		{2AE2EAC8-98AC-4166-9CE1-5EBB4ED6F060}.Release|x86.ActiveCfg = Release|Any CPU
		{2AE2EAC8-98AC-4166-9CE1-5EBB4ED6F060}.Release|x86.Build.0 = Release|Any CPU
		{D9BE5143-2A9C-4E6B-9310-4BB66DE91ACC}.Debug|Any CPU.ActiveCfg = Debug|Any CPU
		{D9BE5143-2A9C-4E6B-9310-4BB66DE91ACC}.Debug|Any CPU.Build.0 = Debug|Any CPU
		{D9BE5143-2A9C-4E6B-9310-4BB66DE91ACC}.Debug|Any CPU.Deploy.0 = Debug|Any CPU
		{D9BE5143-2A9C-4E6B-9310-4BB66DE91ACC}.Debug|ARM.ActiveCfg = Debug|Any CPU
		{D9BE5143-2A9C-4E6B-9310-4BB66DE91ACC}.Debug|ARM.Build.0 = Debug|Any CPU
		{D9BE5143-2A9C-4E6B-9310-4BB66DE91ACC}.Debug|ARM.Deploy.0 = Debug|Any CPU
		{D9BE5143-2A9C-4E6B-9310-4BB66DE91ACC}.Debug|x64.ActiveCfg = Debug|x64
		{D9BE5143-2A9C-4E6B-9310-4BB66DE91ACC}.Debug|x64.Build.0 = Debug|x64
		{D9BE5143-2A9C-4E6B-9310-4BB66DE91ACC}.Debug|x64.Deploy.0 = Debug|x64
		{D9BE5143-2A9C-4E6B-9310-4BB66DE91ACC}.Debug|x86.ActiveCfg = Debug|x86
		{D9BE5143-2A9C-4E6B-9310-4BB66DE91ACC}.Debug|x86.Build.0 = Debug|x86
		{D9BE5143-2A9C-4E6B-9310-4BB66DE91ACC}.Debug|x86.Deploy.0 = Debug|x86
		{D9BE5143-2A9C-4E6B-9310-4BB66DE91ACC}.Release|Any CPU.ActiveCfg = Release|Any CPU
		{D9BE5143-2A9C-4E6B-9310-4BB66DE91ACC}.Release|Any CPU.Build.0 = Release|Any CPU
		{D9BE5143-2A9C-4E6B-9310-4BB66DE91ACC}.Release|Any CPU.Deploy.0 = Release|Any CPU
		{D9BE5143-2A9C-4E6B-9310-4BB66DE91ACC}.Release|ARM.ActiveCfg = Release|Any CPU
		{D9BE5143-2A9C-4E6B-9310-4BB66DE91ACC}.Release|ARM.Build.0 = Release|Any CPU
		{D9BE5143-2A9C-4E6B-9310-4BB66DE91ACC}.Release|ARM.Deploy.0 = Release|Any CPU
		{D9BE5143-2A9C-4E6B-9310-4BB66DE91ACC}.Release|x64.ActiveCfg = Release|x64
		{D9BE5143-2A9C-4E6B-9310-4BB66DE91ACC}.Release|x64.Build.0 = Release|x64
		{D9BE5143-2A9C-4E6B-9310-4BB66DE91ACC}.Release|x64.Deploy.0 = Release|x64
		{D9BE5143-2A9C-4E6B-9310-4BB66DE91ACC}.Release|x86.ActiveCfg = Release|x86
		{D9BE5143-2A9C-4E6B-9310-4BB66DE91ACC}.Release|x86.Build.0 = Release|x86
		{D9BE5143-2A9C-4E6B-9310-4BB66DE91ACC}.Release|x86.Deploy.0 = Release|x86
		{FFA96571-CFEC-4F2B-A678-EBFB590B3B8B}.Debug|Any CPU.ActiveCfg = Debug|Any CPU
		{FFA96571-CFEC-4F2B-A678-EBFB590B3B8B}.Debug|Any CPU.Build.0 = Debug|Any CPU
		{FFA96571-CFEC-4F2B-A678-EBFB590B3B8B}.Debug|ARM.ActiveCfg = Debug|Any CPU
		{FFA96571-CFEC-4F2B-A678-EBFB590B3B8B}.Debug|ARM.Build.0 = Debug|Any CPU
		{FFA96571-CFEC-4F2B-A678-EBFB590B3B8B}.Debug|x64.ActiveCfg = Debug|Any CPU
		{FFA96571-CFEC-4F2B-A678-EBFB590B3B8B}.Debug|x64.Build.0 = Debug|Any CPU
		{FFA96571-CFEC-4F2B-A678-EBFB590B3B8B}.Debug|x86.ActiveCfg = Debug|Any CPU
		{FFA96571-CFEC-4F2B-A678-EBFB590B3B8B}.Debug|x86.Build.0 = Debug|Any CPU
		{FFA96571-CFEC-4F2B-A678-EBFB590B3B8B}.Release|Any CPU.ActiveCfg = Release|Any CPU
		{FFA96571-CFEC-4F2B-A678-EBFB590B3B8B}.Release|Any CPU.Build.0 = Release|Any CPU
		{FFA96571-CFEC-4F2B-A678-EBFB590B3B8B}.Release|ARM.ActiveCfg = Release|Any CPU
		{FFA96571-CFEC-4F2B-A678-EBFB590B3B8B}.Release|ARM.Build.0 = Release|Any CPU
		{FFA96571-CFEC-4F2B-A678-EBFB590B3B8B}.Release|x64.ActiveCfg = Release|Any CPU
		{FFA96571-CFEC-4F2B-A678-EBFB590B3B8B}.Release|x64.Build.0 = Release|Any CPU
		{FFA96571-CFEC-4F2B-A678-EBFB590B3B8B}.Release|x86.ActiveCfg = Release|Any CPU
		{FFA96571-CFEC-4F2B-A678-EBFB590B3B8B}.Release|x86.Build.0 = Release|Any CPU
		{9C917A42-6A0A-41C0-AC31-E8EA8FBB5F37}.Debug|Any CPU.ActiveCfg = Debug|Any CPU
		{9C917A42-6A0A-41C0-AC31-E8EA8FBB5F37}.Debug|Any CPU.Build.0 = Debug|Any CPU
		{9C917A42-6A0A-41C0-AC31-E8EA8FBB5F37}.Debug|ARM.ActiveCfg = Debug|Any CPU
		{9C917A42-6A0A-41C0-AC31-E8EA8FBB5F37}.Debug|ARM.Build.0 = Debug|Any CPU
		{9C917A42-6A0A-41C0-AC31-E8EA8FBB5F37}.Debug|x64.ActiveCfg = Debug|Any CPU
		{9C917A42-6A0A-41C0-AC31-E8EA8FBB5F37}.Debug|x64.Build.0 = Debug|Any CPU
		{9C917A42-6A0A-41C0-AC31-E8EA8FBB5F37}.Debug|x86.ActiveCfg = Debug|Any CPU
		{9C917A42-6A0A-41C0-AC31-E8EA8FBB5F37}.Debug|x86.Build.0 = Debug|Any CPU
		{9C917A42-6A0A-41C0-AC31-E8EA8FBB5F37}.Release|Any CPU.ActiveCfg = Release|Any CPU
		{9C917A42-6A0A-41C0-AC31-E8EA8FBB5F37}.Release|Any CPU.Build.0 = Release|Any CPU
		{9C917A42-6A0A-41C0-AC31-E8EA8FBB5F37}.Release|ARM.ActiveCfg = Release|Any CPU
		{9C917A42-6A0A-41C0-AC31-E8EA8FBB5F37}.Release|ARM.Build.0 = Release|Any CPU
		{9C917A42-6A0A-41C0-AC31-E8EA8FBB5F37}.Release|x64.ActiveCfg = Release|Any CPU
		{9C917A42-6A0A-41C0-AC31-E8EA8FBB5F37}.Release|x64.Build.0 = Release|Any CPU
		{9C917A42-6A0A-41C0-AC31-E8EA8FBB5F37}.Release|x86.ActiveCfg = Release|Any CPU
		{9C917A42-6A0A-41C0-AC31-E8EA8FBB5F37}.Release|x86.Build.0 = Release|Any CPU
	EndGlobalSection
	GlobalSection(SolutionProperties) = preSolution
		HideSolutionNode = FALSE
	EndGlobalSection
	GlobalSection(ExtensibilityGlobals) = postSolution
		SolutionGuid = {D7B7BB35-12FA-4DCF-A948-DD3159407BD6}
	EndGlobalSection
EndGlobal
